
Microsoft Visual Studio Solution File, Format Version 12.00
# Visual Studio Version 16
VisualStudioVersion = 16.0.31911.196
MinimumVisualStudioVersion = 10.0.40219.1
Project("{FAE04EC0-301F-11D3-BF4B-00C04F79EFBC}") = "L10_IPSW_1151222", "L10_IPSW_1151222\L10_IPSW_1151222.csproj", "{C91630D0-B118-49A1-ABB4-98483E77607F}"
EndProject
Global
	GlobalSection(SolutionConfigurationPlatforms) = preSolution
		Debug|Any CPU = Debug|Any CPU
		Release|Any CPU = Release|Any CPU
	EndGlobalSection
	GlobalSection(ProjectConfigurationPlatforms) = postSolution
		{C91630D0-B118-49A1-ABB4-98483E77607F}.Debug|Any CPU.ActiveCfg = Debug|Any CPU
		{C91630D0-B118-49A1-ABB4-98483E77607F}.Debug|Any CPU.Build.0 = Debug|Any CPU
		{C91630D0-B118-49A1-ABB4-98483E77607F}.Release|Any CPU.ActiveCfg = Release|Any CPU
		{C91630D0-B118-49A1-ABB4-98483E77607F}.Release|Any CPU.Build.0 = Release|Any CPU
	EndGlobalSection
	GlobalSection(SolutionProperties) = preSolution
		HideSolutionNode = FALSE
	EndGlobalSection
	GlobalSection(ExtensibilityGlobals) = postSolution
		SolutionGuid = {B228836B-0FA6-4378-B21C-7554AE1BD264}
	EndGlobalSection
EndGlobal
